
Microsoft Visual Studio Solution File, Format Version 12.00
# Visual Studio Version 17
VisualStudioVersion = 17.8.34330.188
MinimumVisualStudioVersion = 10.0.40219.1
Project("{FAE04EC0-301F-11D3-BF4B-00C04F79EFBC}") = "HandsOnGenericCollection", "HandsOnGenericCollection.csproj", "{BF5B0790-6D6B-412F-B212-28B5363EEFCC}"
EndProject
Global
	GlobalSection(SolutionConfigurationPlatforms) = preSolution
		Debug|Any CPU = Debug|Any CPU
		Release|Any CPU = Release|Any CPU
	EndGlobalSection
	GlobalSection(ProjectConfigurationPlatforms) = postSolution
		{BF5B0790-6D6B-412F-B212-28B5363EEFCC}.Debug|Any CPU.ActiveCfg = Debug|Any CPU
		{BF5B0790-6D6B-412F-B212-28B5363EEFCC}.Debug|Any CPU.Build.0 = Debug|Any CPU
		{BF5B0790-6D6B-412F-B212-28B5363EEFCC}.Release|Any CPU.ActiveCfg = Release|Any CPU
		{BF5B0790-6D6B-412F-B212-28B5363EEFCC}.Release|Any CPU.Build.0 = Release|Any CPU
	EndGlobalSection
	GlobalSection(SolutionProperties) = preSolution
		HideSolutionNode = FALSE
	EndGlobalSection
	GlobalSection(ExtensibilityGlobals) = postSolution
		SolutionGuid = {91EA27C7-9EDF-4936-B653-93DD8AE56B8E}
	EndGlobalSection
EndGlobal
