
Microsoft Visual Studio Solution File, Format Version 12.00
# Visual Studio Version 17
VisualStudioVersion = 17.8.34330.188
MinimumVisualStudioVersion = 10.0.40219.1
Project("{FAE04EC0-301F-11D3-BF4B-00C04F79EFBC}") = "BooksCRUD", "BooksCRUD.csproj", "{4045083F-5ED6-4AAB-BBAA-53DD8E708EC1}"
EndProject
Global
	GlobalSection(SolutionConfigurationPlatforms) = preSolution
		Debug|Any CPU = Debug|Any CPU
		Release|Any CPU = Release|Any CPU
	EndGlobalSection
	GlobalSection(ProjectConfigurationPlatforms) = postSolution
		{4045083F-5ED6-4AAB-BBAA-53DD8E708EC1}.Debug|Any CPU.ActiveCfg = Debug|Any CPU
		{4045083F-5ED6-4AAB-BBAA-53DD8E708EC1}.Debug|Any CPU.Build.0 = Debug|Any CPU
		{4045083F-5ED6-4AAB-BBAA-53DD8E708EC1}.Release|Any CPU.ActiveCfg = Release|Any CPU
		{4045083F-5ED6-4AAB-BBAA-53DD8E708EC1}.Release|Any CPU.Build.0 = Release|Any CPU
	EndGlobalSection
	GlobalSection(SolutionProperties) = preSolution
		HideSolutionNode = FALSE
	EndGlobalSection
	GlobalSection(ExtensibilityGlobals) = postSolution
		SolutionGuid = {E622A934-9185-4873-9203-BDB3A9962E67}
	EndGlobalSection
EndGlobal
