
Microsoft Visual Studio Solution File, Format Version 12.00
# Visual Studio Version 17
VisualStudioVersion = 17.8.34330.188
MinimumVisualStudioVersion = 10.0.40219.1
Project("{FAE04EC0-301F-11D3-BF4B-00C04F79EFBC}") = "HandsOnClassTypes", "HandsOnClassTypes.csproj", "{C64017DB-79C9-468E-9DA4-09955F525FE5}"
EndProject
Global
	GlobalSection(SolutionConfigurationPlatforms) = preSolution
		Debug|Any CPU = Debug|Any CPU
		Release|Any CPU = Release|Any CPU
	EndGlobalSection
	GlobalSection(ProjectConfigurationPlatforms) = postSolution
		{C64017DB-79C9-468E-9DA4-09955F525FE5}.Debug|Any CPU.ActiveCfg = Debug|Any CPU
		{C64017DB-79C9-468E-9DA4-09955F525FE5}.Debug|Any CPU.Build.0 = Debug|Any CPU
		{C64017DB-79C9-468E-9DA4-09955F525FE5}.Release|Any CPU.ActiveCfg = Release|Any CPU
		{C64017DB-79C9-468E-9DA4-09955F525FE5}.Release|Any CPU.Build.0 = Release|Any CPU
	EndGlobalSection
	GlobalSection(SolutionProperties) = preSolution
		HideSolutionNode = FALSE
	EndGlobalSection
	GlobalSection(ExtensibilityGlobals) = postSolution
		SolutionGuid = {8CFFAB91-C4AC-40FC-B26D-A9EEAB8D7CDC}
	EndGlobalSection
EndGlobal
