
Microsoft Visual Studio Solution File, Format Version 12.00
# Visual Studio Version 17
VisualStudioVersion = 17.8.34330.188
MinimumVisualStudioVersion = 10.0.40219.1
Project("{FAE04EC0-301F-11D3-BF4B-00C04F79EFBC}") = "HandsOnNonGenericCollection", "HandsOnNonGenericCollection.csproj", "{66477813-99A8-4F4D-A2E1-71E7B3E981F2}"
EndProject
Global
	GlobalSection(SolutionConfigurationPlatforms) = preSolution
		Debug|Any CPU = Debug|Any CPU
		Release|Any CPU = Release|Any CPU
	EndGlobalSection
	GlobalSection(ProjectConfigurationPlatforms) = postSolution
		{66477813-99A8-4F4D-A2E1-71E7B3E981F2}.Debug|Any CPU.ActiveCfg = Debug|Any CPU
		{66477813-99A8-4F4D-A2E1-71E7B3E981F2}.Debug|Any CPU.Build.0 = Debug|Any CPU
		{66477813-99A8-4F4D-A2E1-71E7B3E981F2}.Release|Any CPU.ActiveCfg = Release|Any CPU
		{66477813-99A8-4F4D-A2E1-71E7B3E981F2}.Release|Any CPU.Build.0 = Release|Any CPU
	EndGlobalSection
	GlobalSection(SolutionProperties) = preSolution
		HideSolutionNode = FALSE
	EndGlobalSection
	GlobalSection(ExtensibilityGlobals) = postSolution
		SolutionGuid = {7E75932D-F263-4A71-8886-95A441BE55F3}
	EndGlobalSection
EndGlobal
