
Microsoft Visual Studio Solution File, Format Version 12.00
# Visual Studio Version 17
VisualStudioVersion = 17.8.34309.116
MinimumVisualStudioVersion = 10.0.40219.1
Project("{FAE04EC0-301F-11D3-BF4B-00C04F79EFBC}") = "Assignment_8", "Assignment_8.csproj", "{E72A6167-37C4-441D-9ACE-655BA8AB318A}"
EndProject
Global
	GlobalSection(SolutionConfigurationPlatforms) = preSolution
		Debug|Any CPU = Debug|Any CPU
		Release|Any CPU = Release|Any CPU
	EndGlobalSection
	GlobalSection(ProjectConfigurationPlatforms) = postSolution
		{E72A6167-37C4-441D-9ACE-655BA8AB318A}.Debug|Any CPU.ActiveCfg = Debug|Any CPU
		{E72A6167-37C4-441D-9ACE-655BA8AB318A}.Debug|Any CPU.Build.0 = Debug|Any CPU
		{E72A6167-37C4-441D-9ACE-655BA8AB318A}.Release|Any CPU.ActiveCfg = Release|Any CPU
		{E72A6167-37C4-441D-9ACE-655BA8AB318A}.Release|Any CPU.Build.0 = Release|Any CPU
	EndGlobalSection
	GlobalSection(SolutionProperties) = preSolution
		HideSolutionNode = FALSE
	EndGlobalSection
	GlobalSection(ExtensibilityGlobals) = postSolution
		SolutionGuid = {87D729C0-E7EE-4F39-B5ED-0BA237BB0908}
	EndGlobalSection
EndGlobal
