
Microsoft Visual Studio Solution File, Format Version 12.00
# Visual Studio Version 17
VisualStudioVersion = 17.8.34330.188
MinimumVisualStudioVersion = 10.0.40219.1
Project("{FAE04EC0-301F-11D3-BF4B-00C04F79EFBC}") = "Depemdecy Injection", "Depemdecy Injection.csproj", "{22589733-0FEC-44F9-A8C7-05A9DBFFE5F5}"
EndProject
Global
	GlobalSection(SolutionConfigurationPlatforms) = preSolution
		Debug|Any CPU = Debug|Any CPU
		Release|Any CPU = Release|Any CPU
	EndGlobalSection
	GlobalSection(ProjectConfigurationPlatforms) = postSolution
		{22589733-0FEC-44F9-A8C7-05A9DBFFE5F5}.Debug|Any CPU.ActiveCfg = Debug|Any CPU
		{22589733-0FEC-44F9-A8C7-05A9DBFFE5F5}.Debug|Any CPU.Build.0 = Debug|Any CPU
		{22589733-0FEC-44F9-A8C7-05A9DBFFE5F5}.Release|Any CPU.ActiveCfg = Release|Any CPU
		{22589733-0FEC-44F9-A8C7-05A9DBFFE5F5}.Release|Any CPU.Build.0 = Release|Any CPU
	EndGlobalSection
	GlobalSection(SolutionProperties) = preSolution
		HideSolutionNode = FALSE
	EndGlobalSection
	GlobalSection(ExtensibilityGlobals) = postSolution
		SolutionGuid = {A2F8B605-3015-4253-A001-D40EEAC71066}
	EndGlobalSection
EndGlobal
