
Microsoft Visual Studio Solution File, Format Version 12.00
# Visual Studio Version 17
VisualStudioVersion = 17.8.34330.188
MinimumVisualStudioVersion = 10.0.40219.1
Project("{FAE04EC0-301F-11D3-BF4B-00C04F79EFBC}") = "HandsOnApiusingModel", "HandsOnApiusingModel.csproj", "{831DA5D1-F72F-4A62-867A-5E681DC319A9}"
EndProject
Global
	GlobalSection(SolutionConfigurationPlatforms) = preSolution
		Debug|Any CPU = Debug|Any CPU
		Release|Any CPU = Release|Any CPU
	EndGlobalSection
	GlobalSection(ProjectConfigurationPlatforms) = postSolution
		{831DA5D1-F72F-4A62-867A-5E681DC319A9}.Debug|Any CPU.ActiveCfg = Debug|Any CPU
		{831DA5D1-F72F-4A62-867A-5E681DC319A9}.Debug|Any CPU.Build.0 = Debug|Any CPU
		{831DA5D1-F72F-4A62-867A-5E681DC319A9}.Release|Any CPU.ActiveCfg = Release|Any CPU
		{831DA5D1-F72F-4A62-867A-5E681DC319A9}.Release|Any CPU.Build.0 = Release|Any CPU
	EndGlobalSection
	GlobalSection(SolutionProperties) = preSolution
		HideSolutionNode = FALSE
	EndGlobalSection
	GlobalSection(ExtensibilityGlobals) = postSolution
		SolutionGuid = {ED79F3EC-EF90-45B6-87A0-22A968DB6B9C}
	EndGlobalSection
EndGlobal
