
Microsoft Visual Studio Solution File, Format Version 12.00
# Visual Studio Version 17
VisualStudioVersion = 17.8.34330.188
MinimumVisualStudioVersion = 10.0.40219.1
Project("{FAE04EC0-301F-11D3-BF4B-00C04F79EFBC}") = "HandsOnExpception", "HandsOnExpception.csproj", "{5747FDB3-D0EF-464F-B6C1-01669F2A0553}"
EndProject
Global
	GlobalSection(SolutionConfigurationPlatforms) = preSolution
		Debug|Any CPU = Debug|Any CPU
		Release|Any CPU = Release|Any CPU
	EndGlobalSection
	GlobalSection(ProjectConfigurationPlatforms) = postSolution
		{5747FDB3-D0EF-464F-B6C1-01669F2A0553}.Debug|Any CPU.ActiveCfg = Debug|Any CPU
		{5747FDB3-D0EF-464F-B6C1-01669F2A0553}.Debug|Any CPU.Build.0 = Debug|Any CPU
		{5747FDB3-D0EF-464F-B6C1-01669F2A0553}.Release|Any CPU.ActiveCfg = Release|Any CPU
		{5747FDB3-D0EF-464F-B6C1-01669F2A0553}.Release|Any CPU.Build.0 = Release|Any CPU
	EndGlobalSection
	GlobalSection(SolutionProperties) = preSolution
		HideSolutionNode = FALSE
	EndGlobalSection
	GlobalSection(ExtensibilityGlobals) = postSolution
		SolutionGuid = {1948B06F-51F6-46F2-9599-5FDAB97AC2EC}
	EndGlobalSection
EndGlobal
